
Microsoft Visual Studio Solution File, Format Version 11.00
# Visual Studio 2010
Project("{FAE04EC0-301F-11D3-BF4B-00C04F79EFBC}") = "Test", "Test\Test.csproj", "{B46D18C4-EBDB-44A3-A88D-108D53FE0E6D}"
EndProject
Project("{FAE04EC0-301F-11D3-BF4B-00C04F79EFBC}") = "TestProject1", "TestProject1\TestProject1.csproj", "{C46A2E8F-4858-4FFA-951D-63FC065F443A}"
EndProject
Project("{2150E333-8FDC-42A3-9474-1A3956D46DE8}") = "Solution Items", "Solution Items", "{6375616C-B751-463B-A648-16C682501A74}"
	ProjectSection(SolutionItems) = preProject
		Local.testsettings = Local.testsettings
		Test.vsmdi = Test.vsmdi
		TraceAndTestImpact.testsettings = TraceAndTestImpact.testsettings
	EndProjectSection
EndProject
Global
	GlobalSection(TestCaseManagementSettings) = postSolution
		CategoryFile = Test.vsmdi
	EndGlobalSection
	GlobalSection(SolutionConfigurationPlatforms) = preSolution
		Debug|Any CPU = Debug|Any CPU
		Release|Any CPU = Release|Any CPU
	EndGlobalSection
	GlobalSection(ProjectConfigurationPlatforms) = postSolution
		{B46D18C4-EBDB-44A3-A88D-108D53FE0E6D}.Debug|Any CPU.ActiveCfg = Debug|Any CPU
		{B46D18C4-EBDB-44A3-A88D-108D53FE0E6D}.Debug|Any CPU.Build.0 = Debug|Any CPU
		{B46D18C4-EBDB-44A3-A88D-108D53FE0E6D}.Release|Any CPU.ActiveCfg = Release|Any CPU
		{B46D18C4-EBDB-44A3-A88D-108D53FE0E6D}.Release|Any CPU.Build.0 = Release|Any CPU
		{C46A2E8F-4858-4FFA-951D-63FC065F443A}.Debug|Any CPU.ActiveCfg = Debug|Any CPU
		{C46A2E8F-4858-4FFA-951D-63FC065F443A}.Debug|Any CPU.Build.0 = Debug|Any CPU
		{C46A2E8F-4858-4FFA-951D-63FC065F443A}.Release|Any CPU.ActiveCfg = Release|Any CPU
		{C46A2E8F-4858-4FFA-951D-63FC065F443A}.Release|Any CPU.Build.0 = Release|Any CPU
	EndGlobalSection
	GlobalSection(SolutionProperties) = preSolution
		HideSolutionNode = FALSE
	EndGlobalSection
EndGlobal
